
Microsoft Visual Studio Solution File, Format Version 12.00
# Visual Studio 14
VisualStudioVersion = 14.0.25420.1
MinimumVisualStudioVersion = 10.0.40219.1
Project("{8BC9CEB8-8B4A-11D0-8D11-00A0C91BC942}") = "opensslTest", "opensslTest\opensslTest.vcxproj", "{A4A6EC27-BD74-4F2D-9675-3703283C96E6}"
	ProjectSection(ProjectDependencies) = postProject
		{D2E972B0-3607-4F4C-8989-305010BE94CA} = {D2E972B0-3607-4F4C-8989-305010BE94CA}
	EndProjectSection
EndProject
Project("{8BC9CEB8-8B4A-11D0-8D11-00A0C91BC942}") = "netstar_agent_encrypt", "netstar_agent_encrypt\netstar_agent_encrypt.vcxproj", "{D2E972B0-3607-4F4C-8989-305010BE94CA}"
EndProject
Global
	GlobalSection(SolutionConfigurationPlatforms) = preSolution
		Debug|x64 = Debug|x64
		Debug|x86 = Debug|x86
		Release|x64 = Release|x64
		Release|x86 = Release|x86
	EndGlobalSection
	GlobalSection(ProjectConfigurationPlatforms) = postSolution
		{A4A6EC27-BD74-4F2D-9675-3703283C96E6}.Debug|x64.ActiveCfg = Debug|x64
		{A4A6EC27-BD74-4F2D-9675-3703283C96E6}.Debug|x64.Build.0 = Debug|x64
		{A4A6EC27-BD74-4F2D-9675-3703283C96E6}.Debug|x86.ActiveCfg = Debug|Win32
		{A4A6EC27-BD74-4F2D-9675-3703283C96E6}.Debug|x86.Build.0 = Debug|Win32
		{A4A6EC27-BD74-4F2D-9675-3703283C96E6}.Release|x64.ActiveCfg = Release|x64
		{A4A6EC27-BD74-4F2D-9675-3703283C96E6}.Release|x64.Build.0 = Release|x64
		{A4A6EC27-BD74-4F2D-9675-3703283C96E6}.Release|x86.ActiveCfg = Release|Win32
		{A4A6EC27-BD74-4F2D-9675-3703283C96E6}.Release|x86.Build.0 = Release|Win32
		{D2E972B0-3607-4F4C-8989-305010BE94CA}.Debug|x64.ActiveCfg = Debug|x64
		{D2E972B0-3607-4F4C-8989-305010BE94CA}.Debug|x64.Build.0 = Debug|x64
		{D2E972B0-3607-4F4C-8989-305010BE94CA}.Debug|x86.ActiveCfg = Debug|Win32
		{D2E972B0-3607-4F4C-8989-305010BE94CA}.Debug|x86.Build.0 = Debug|Win32
		{D2E972B0-3607-4F4C-8989-305010BE94CA}.Release|x64.ActiveCfg = Release|x64
		{D2E972B0-3607-4F4C-8989-305010BE94CA}.Release|x64.Build.0 = Release|x64
		{D2E972B0-3607-4F4C-8989-305010BE94CA}.Release|x86.ActiveCfg = Release|Win32
		{D2E972B0-3607-4F4C-8989-305010BE94CA}.Release|x86.Build.0 = Release|Win32
	EndGlobalSection
	GlobalSection(SolutionProperties) = preSolution
		HideSolutionNode = FALSE
	EndGlobalSection
EndGlobal
